// !$*UTF8*$!
{
	archiveVersion = 1;
	classes = {
	};
	objectVersion = 56;
	objects = {

/* Begin PBXBuildFile section */
		2C0ACA162C2A15AF00480933 /* example_input.jpg in Resources */ = {isa = PBXBuildFile; fileRef = 2C0ACA152C2A15AF00480933 /* example_input.jpg */; };
		2C0ACA1D2C2A58B900480933 /* jit_coreml_model_full_channel_first_image_input.mlpackage in Sources */ = {isa = PBXBuildFile; fileRef = 2C0ACA1C2C2A58B800480933 /* jit_coreml_model_full_channel_first_image_input.mlpackage */; };
		2CABBDBF2C2A0A2F00AA18EE /* BriaAIDemoApp.swift in Sources */ = {isa = PBXBuildFile; fileRef = 2CABBDBE2C2A0A2F00AA18EE /* BriaAIDemoApp.swift */; };
		2CABBDC12C2A0A2F00AA18EE /* ContentView.swift in Sources */ = {isa = PBXBuildFile; fileRef = 2CABBDC02C2A0A2F00AA18EE /* ContentView.swift */; };
		2CABBDC32C2A0A3000AA18EE /* Assets.xcassets in Resources */ = {isa = PBXBuildFile; fileRef = 2CABBDC22C2A0A3000AA18EE /* Assets.xcassets */; };
		2CABBDC62C2A0A3000AA18EE /* Preview Assets.xcassets in Resources */ = {isa = PBXBuildFile; fileRef = 2CABBDC52C2A0A3000AA18EE /* Preview Assets.xcassets */; };
		2CABBDCF2C2A0DCE00AA18EE /* Utils.swift in Sources */ = {isa = PBXBuildFile; fileRef = 2CABBDCE2C2A0DCE00AA18EE /* Utils.swift */; };
		2CABBDD52C2A112300AA18EE /* coreml_mlmodel.mlpackage in Sources */ = {isa = PBXBuildFile; fileRef = 2CABBDD42C2A112300AA18EE /* coreml_mlmodel.mlpackage */; };
		2CB357EE2C2B41850045461D /* neuralize-logo.png in Resources */ = {isa = PBXBuildFile; fileRef = 2CB357ED2C2B41850045461D /* neuralize-logo.png */; };
/* End PBXBuildFile section */

/* Begin PBXFileReference section */
		2C0ACA152C2A15AF00480933 /* example_input.jpg */ = {isa = PBXFileReference; lastKnownFileType = image.jpeg; path = example_input.jpg; sourceTree = "<group>"; };
		2C0ACA172C2A177200480933 /* Info.plist */ = {isa = PBXFileReference; lastKnownFileType = text.plist; path = Info.plist; sourceTree = "<group>"; };
		2C0ACA1C2C2A58B800480933 /* jit_coreml_model_full_channel_first_image_input.mlpackage */ = {isa = PBXFileReference; lastKnownFileType = folder.mlpackage; path = jit_coreml_model_full_channel_first_image_input.mlpackage; sourceTree = "<group>"; };
		2CABBDBB2C2A0A2F00AA18EE /* BriaAIDemo.app */ = {isa = PBXFileReference; explicitFileType = wrapper.application; includeInIndex = 0; path = BriaAIDemo.app; sourceTree = BUILT_PRODUCTS_DIR; };
		2CABBDBE2C2A0A2F00AA18EE /* BriaAIDemoApp.swift */ = {isa = PBXFileReference; lastKnownFileType = sourcecode.swift; path = BriaAIDemoApp.swift; sourceTree = "<group>"; };
		2CABBDC02C2A0A2F00AA18EE /* ContentView.swift */ = {isa = PBXFileReference; lastKnownFileType = sourcecode.swift; path = ContentView.swift; sourceTree = "<group>"; };
		2CABBDC22C2A0A3000AA18EE /* Assets.xcassets */ = {isa = PBXFileReference; lastKnownFileType = folder.assetcatalog; path = Assets.xcassets; sourceTree = "<group>"; };
		2CABBDC52C2A0A3000AA18EE /* Preview Assets.xcassets */ = {isa = PBXFileReference; lastKnownFileType = folder.assetcatalog; path = "Preview Assets.xcassets"; sourceTree = "<group>"; };
		2CABBDCE2C2A0DCE00AA18EE /* Utils.swift */ = {isa = PBXFileReference; lastKnownFileType = sourcecode.swift; path = Utils.swift; sourceTree = "<group>"; };
		2CABBDD42C2A112300AA18EE /* coreml_mlmodel.mlpackage */ = {isa = PBXFileReference; lastKnownFileType = folder.mlpackage; name = coreml_mlmodel.mlpackage; path = "../../../conversions/bria-rmbg/ptes/2024-06-24 13:33:47/coreml_mlmodel.mlpackage"; sourceTree = "<group>"; };
		2CB357ED2C2B41850045461D /* neuralize-logo.png */ = {isa = PBXFileReference; lastKnownFileType = image.png; path = "neuralize-logo.png"; sourceTree = "<group>"; };
/* End PBXFileReference section */

/* Begin PBXFrameworksBuildPhase section */
		2CABBDB82C2A0A2F00AA18EE /* Frameworks */ = {
			isa = PBXFrameworksBuildPhase;
			buildActionMask = 2147483647;
			files = (
			);
			runOnlyForDeploymentPostprocessing = 0;
		};
/* End PBXFrameworksBuildPhase section */

/* Begin PBXGroup section */
		2C0ACA142C2A15A500480933 /* Resources */ = {
			isa = PBXGroup;
			children = (
				2CB357ED2C2B41850045461D /* neuralize-logo.png */,
				2C0ACA152C2A15AF00480933 /* example_input.jpg */,
			);
			path = Resources;
			sourceTree = "<group>";
		};
		2CABBDB22C2A0A2F00AA18EE = {
			isa = PBXGroup;
			children = (
				2CABBDBD2C2A0A2F00AA18EE /* BriaAIDemo */,
				2CABBDBC2C2A0A2F00AA18EE /* Products */,
			);
			sourceTree = "<group>";
		};
		2CABBDBC2C2A0A2F00AA18EE /* Products */ = {
			isa = PBXGroup;
			children = (
				2CABBDBB2C2A0A2F00AA18EE /* BriaAIDemo.app */,
			);
			name = Products;
			sourceTree = "<group>";
		};
		2CABBDBD2C2A0A2F00AA18EE /* BriaAIDemo */ = {
			isa = PBXGroup;
			children = (
				2C0ACA1C2C2A58B800480933 /* jit_coreml_model_full_channel_first_image_input.mlpackage */,
				2C0ACA172C2A177200480933 /* Info.plist */,
				2C0ACA142C2A15A500480933 /* Resources */,
				2CABBDCE2C2A0DCE00AA18EE /* Utils.swift */,
				2CABBDD42C2A112300AA18EE /* coreml_mlmodel.mlpackage */,
				2CABBDBE2C2A0A2F00AA18EE /* BriaAIDemoApp.swift */,
				2CABBDC02C2A0A2F00AA18EE /* ContentView.swift */,
				2CABBDC22C2A0A3000AA18EE /* Assets.xcassets */,
				2CABBDC42C2A0A3000AA18EE /* Preview Content */,
			);
			path = BriaAIDemo;
			sourceTree = "<group>";
		};
		2CABBDC42C2A0A3000AA18EE /* Preview Content */ = {
			isa = PBXGroup;
			children = (
				2CABBDC52C2A0A3000AA18EE /* Preview Assets.xcassets */,
			);
			path = "Preview Content";
			sourceTree = "<group>";
		};
/* End PBXGroup section */

/* Begin PBXNativeTarget section */
		2CABBDBA2C2A0A2F00AA18EE /* BriaAIDemo */ = {
			isa = PBXNativeTarget;
			buildConfigurationList = 2CABBDC92C2A0A3000AA18EE /* Build configuration list for PBXNativeTarget "BriaAIDemo" */;
			buildPhases = (
				2CABBDB72C2A0A2F00AA18EE /* Sources */,
				2CABBDB82C2A0A2F00AA18EE /* Frameworks */,
				2CABBDB92C2A0A2F00AA18EE /* Resources */,
			);
			buildRules = (
			);
			dependencies = (
			);
			name = BriaAIDemo;
			productName = BriaAIDemo;
			productReference = 2CABBDBB2C2A0A2F00AA18EE /* BriaAIDemo.app */;
			productType = "com.apple.product-type.application";
		};
/* End PBXNativeTarget section */

/* Begin PBXProject section */
		2CABBDB32C2A0A2F00AA18EE /* Project object */ = {
			isa = PBXProject;
			attributes = {
				BuildIndependentTargetsInParallel = 1;
				LastSwiftUpdateCheck = 1540;
				LastUpgradeCheck = 1540;
				TargetAttributes = {
					2CABBDBA2C2A0A2F00AA18EE = {
						CreatedOnToolsVersion = 15.4;
					};
				};
			};
			buildConfigurationList = 2CABBDB62C2A0A2F00AA18EE /* Build configuration list for PBXProject "BriaAIDemo" */;
			compatibilityVersion = "Xcode 14.0";
			developmentRegion = en;
			hasScannedForEncodings = 0;
			knownRegions = (
				en,
				Base,
			);
			mainGroup = 2CABBDB22C2A0A2F00AA18EE;
			productRefGroup = 2CABBDBC2C2A0A2F00AA18EE /* Products */;
			projectDirPath = "";
			projectRoot = "";
			targets = (
				2CABBDBA2C2A0A2F00AA18EE /* BriaAIDemo */,
			);
		};
/* End PBXProject section */

/* Begin PBXResourcesBuildPhase section */
		2CABBDB92C2A0A2F00AA18EE /* Resources */ = {
			isa = PBXResourcesBuildPhase;
			buildActionMask = 2147483647;
			files = (
				2CABBDC62C2A0A3000AA18EE /* Preview Assets.xcassets in Resources */,
				2CABBDC32C2A0A3000AA18EE /* Assets.xcassets in Resources */,
				2CB357EE2C2B41850045461D /* neuralize-logo.png in Resources */,
				2C0ACA162C2A15AF00480933 /* example_input.jpg in Resources */,
			);
			runOnlyForDeploymentPostprocessing = 0;
		};
/* End PBXResourcesBuildPhase section */

/* Begin PBXSourcesBuildPhase section */
		2CABBDB72C2A0A2F00AA18EE /* Sources */ = {
			isa = PBXSourcesBuildPhase;
			buildActionMask = 2147483647;
			files = (
				2CABBDC12C2A0A2F00AA18EE /* ContentView.swift in Sources */,
				2C0ACA1D2C2A58B900480933 /* jit_coreml_model_full_channel_first_image_input.mlpackage in Sources */,
				2CABBDBF2C2A0A2F00AA18EE /* BriaAIDemoApp.swift in Sources */,
				2CABBDD52C2A112300AA18EE /* coreml_mlmodel.mlpackage in Sources */,
				2CABBDCF2C2A0DCE00AA18EE /* Utils.swift in Sources */,
			);
			runOnlyForDeploymentPostprocessing = 0;
		};
/* End PBXSourcesBuildPhase section */

/* Begin XCBuildConfiguration section */
		2CABBDC72C2A0A3000AA18EE /* Debug */ = {
			isa = XCBuildConfiguration;
			buildSettings = {
				ALWAYS_SEARCH_USER_PATHS = NO;
				ASSETCATALOG_COMPILER_GENERATE_SWIFT_ASSET_SYMBOL_EXTENSIONS = YES;
				CLANG_ANALYZER_NONNULL = YES;
				CLANG_ANALYZER_NUMBER_OBJECT_CONVERSION = YES_AGGRESSIVE;
				CLANG_CXX_LANGUAGE_STANDARD = "gnu++20";
				CLANG_ENABLE_MODULES = YES;
				CLANG_ENABLE_OBJC_ARC = YES;
				CLANG_ENABLE_OBJC_WEAK = YES;
				CLANG_WARN_BLOCK_CAPTURE_AUTORELEASING = YES;
				CLANG_WARN_BOOL_CONVERSION = YES;
				CLANG_WARN_COMMA = YES;
				CLANG_WARN_CONSTANT_CONVERSION = YES;
				CLANG_WARN_DEPRECATED_OBJC_IMPLEMENTATIONS = YES;
				CLANG_WARN_DIRECT_OBJC_ISA_USAGE = YES_ERROR;
				CLANG_WARN_DOCUMENTATION_COMMENTS = YES;
				CLANG_WARN_EMPTY_BODY = YES;
				CLANG_WARN_ENUM_CONVERSION = YES;
				CLANG_WARN_INFINITE_RECURSION = YES;
				CLANG_WARN_INT_CONVERSION = YES;
				CLANG_WARN_NON_LITERAL_NULL_CONVERSION = YES;
				CLANG_WARN_OBJC_IMPLICIT_RETAIN_SELF = YES;
				CLANG_WARN_OBJC_LITERAL_CONVERSION = YES;
				CLANG_WARN_OBJC_ROOT_CLASS = YES_ERROR;
				CLANG_WARN_QUOTED_INCLUDE_IN_FRAMEWORK_HEADER = YES;
				CLANG_WARN_RANGE_LOOP_ANALYSIS = YES;
				CLANG_WARN_STRICT_PROTOTYPES = YES;
				CLANG_WARN_SUSPICIOUS_MOVE = YES;
				CLANG_WARN_UNGUARDED_AVAILABILITY = YES_AGGRESSIVE;
				CLANG_WARN_UNREACHABLE_CODE = YES;
				CLANG_WARN__DUPLICATE_METHOD_MATCH = YES;
				COPY_PHASE_STRIP = NO;
				DEBUG_INFORMATION_FORMAT = dwarf;
				ENABLE_STRICT_OBJC_MSGSEND = YES;
				ENABLE_TESTABILITY = YES;
				ENABLE_USER_SCRIPT_SANDBOXING = YES;
				GCC_C_LANGUAGE_STANDARD = gnu17;
				GCC_DYNAMIC_NO_PIC = NO;
				GCC_NO_COMMON_BLOCKS = YES;
				GCC_OPTIMIZATION_LEVEL = 0;
				GCC_PREPROCESSOR_DEFINITIONS = (
					"DEBUG=1",
					"$(inherited)",
				);
				GCC_WARN_64_TO_32_BIT_CONVERSION = YES;
				GCC_WARN_ABOUT_RETURN_TYPE = YES_ERROR;
				GCC_WARN_UNDECLARED_SELECTOR = YES;
				GCC_WARN_UNINITIALIZED_AUTOS = YES_AGGRESSIVE;
				GCC_WARN_UNUSED_FUNCTION = YES;
				GCC_WARN_UNUSED_VARIABLE = YES;
				IPHONEOS_DEPLOYMENT_TARGET = 17.5;
				LOCALIZATION_PREFERS_STRING_CATALOGS = YES;
				MTL_ENABLE_DEBUG_INFO = INCLUDE_SOURCE;
				MTL_FAST_MATH = YES;
				ONLY_ACTIVE_ARCH = YES;
				SDKROOT = iphoneos;
				SWIFT_ACTIVE_COMPILATION_CONDITIONS = "DEBUG $(inherited)";
				SWIFT_OPTIMIZATION_LEVEL = "-Onone";
			};
			name = Debug;
		};
		2CABBDC82C2A0A3000AA18EE /* Release */ = {
			isa = XCBuildConfiguration;
			buildSettings = {
				ALWAYS_SEARCH_USER_PATHS = NO;
				ASSETCATALOG_COMPILER_GENERATE_SWIFT_ASSET_SYMBOL_EXTENSIONS = YES;
				CLANG_ANALYZER_NONNULL = YES;
				CLANG_ANALYZER_NUMBER_OBJECT_CONVERSION = YES_AGGRESSIVE;
				CLANG_CXX_LANGUAGE_STANDARD = "gnu++20";
				CLANG_ENABLE_MODULES = YES;
				CLANG_ENABLE_OBJC_ARC = YES;
				CLANG_ENABLE_OBJC_WEAK = YES;
				CLANG_WARN_BLOCK_CAPTURE_AUTORELEASING = YES;
				CLANG_WARN_BOOL_CONVERSION = YES;
				CLANG_WARN_COMMA = YES;
				CLANG_WARN_CONSTANT_CONVERSION = YES;
				CLANG_WARN_DEPRECATED_OBJC_IMPLEMENTATIONS = YES;
				CLANG_WARN_DIRECT_OBJC_ISA_USAGE = YES_ERROR;
				CLANG_WARN_DOCUMENTATION_COMMENTS = YES;
				CLANG_WARN_EMPTY_BODY = YES;
				CLANG_WARN_ENUM_CONVERSION = YES;
				CLANG_WARN_INFINITE_RECURSION = YES;
				CLANG_WARN_INT_CONVERSION = YES;
				CLANG_WARN_NON_LITERAL_NULL_CONVERSION = YES;
				CLANG_WARN_OBJC_IMPLICIT_RETAIN_SELF = YES;
				CLANG_WARN_OBJC_LITERAL_CONVERSION = YES;
				CLANG_WARN_OBJC_ROOT_CLASS = YES_ERROR;
				CLANG_WARN_QUOTED_INCLUDE_IN_FRAMEWORK_HEADER = YES;
				CLANG_WARN_RANGE_LOOP_ANALYSIS = YES;
				CLANG_WARN_STRICT_PROTOTYPES = YES;
				CLANG_WARN_SUSPICIOUS_MOVE = YES;
				CLANG_WARN_UNGUARDED_AVAILABILITY = YES_AGGRESSIVE;
				CLANG_WARN_UNREACHABLE_CODE = YES;
				CLANG_WARN__DUPLICATE_METHOD_MATCH = YES;
				COPY_PHASE_STRIP = NO;
				DEBUG_INFORMATION_FORMAT = "dwarf-with-dsym";
				ENABLE_NS_ASSERTIONS = NO;
				ENABLE_STRICT_OBJC_MSGSEND = YES;
				ENABLE_USER_SCRIPT_SANDBOXING = YES;
				GCC_C_LANGUAGE_STANDARD = gnu17;
				GCC_NO_COMMON_BLOCKS = YES;
				GCC_WARN_64_TO_32_BIT_CONVERSION = YES;
				GCC_WARN_ABOUT_RETURN_TYPE = YES_ERROR;
				GCC_WARN_UNDECLARED_SELECTOR = YES;
				GCC_WARN_UNINITIALIZED_AUTOS = YES_AGGRESSIVE;
				GCC_WARN_UNUSED_FUNCTION = YES;
				GCC_WARN_UNUSED_VARIABLE = YES;
				IPHONEOS_DEPLOYMENT_TARGET = 17.5;
				LOCALIZATION_PREFERS_STRING_CATALOGS = YES;
				MTL_ENABLE_DEBUG_INFO = NO;
				MTL_FAST_MATH = YES;
				SDKROOT = iphoneos;
				SWIFT_COMPILATION_MODE = wholemodule;
				VALIDATE_PRODUCT = YES;
			};
			name = Release;
		};
		2CABBDCA2C2A0A3000AA18EE /* Debug */ = {
			isa = XCBuildConfiguration;
			buildSettings = {
				ASSETCATALOG_COMPILER_APPICON_NAME = AppIcon;
				ASSETCATALOG_COMPILER_GLOBAL_ACCENT_COLOR_NAME = AccentColor;
				CODE_SIGN_STYLE = Automatic;
				CURRENT_PROJECT_VERSION = 1;
				DEVELOPMENT_ASSET_PATHS = "\"BriaAIDemo/Preview Content\"";
				DEVELOPMENT_TEAM = 39PACY7YRY;
				ENABLE_PREVIEWS = YES;
				GENERATE_INFOPLIST_FILE = YES;
				INFOPLIST_FILE = BriaAIDemo/Info.plist;
				INFOPLIST_KEY_CFBundleDisplayName = "BRIA-RMBG Demo";
				INFOPLIST_KEY_UIApplicationSceneManifest_Generation = YES;
				INFOPLIST_KEY_UIApplicationSupportsIndirectInputEvents = YES;
				INFOPLIST_KEY_UILaunchScreen_Generation = YES;
				INFOPLIST_KEY_UISupportedInterfaceOrientations_iPad = "UIInterfaceOrientationPortrait UIInterfaceOrientationPortraitUpsideDown UIInterfaceOrientationLandscapeLeft UIInterfaceOrientationLandscapeRight";
				INFOPLIST_KEY_UISupportedInterfaceOrientations_iPhone = "UIInterfaceOrientationPortrait UIInterfaceOrientationLandscapeLeft UIInterfaceOrientationLandscapeRight";
				LD_RUNPATH_SEARCH_PATHS = (
					"$(inherited)",
					"@executable_path/Frameworks",
				);
				MARKETING_VERSION = 1.0;
				PRODUCT_BUNDLE_IDENTIFIER = neuralize.BriaAIDemo;
				PRODUCT_NAME = "$(TARGET_NAME)";
				SWIFT_EMIT_LOC_STRINGS = YES;
				SWIFT_VERSION = 5.0;
				TARGETED_DEVICE_FAMILY = "1,2";
			};
			name = Debug;
		};
		2CABBDCB2C2A0A3000AA18EE /* Release */ = {
			isa = XCBuildConfiguration;
			buildSettings = {
				ASSETCATALOG_COMPILER_APPICON_NAME = AppIcon;
				ASSETCATALOG_COMPILER_GLOBAL_ACCENT_COLOR_NAME = AccentColor;
				CODE_SIGN_STYLE = Automatic;
				CURRENT_PROJECT_VERSION = 1;
				DEVELOPMENT_ASSET_PATHS = "\"BriaAIDemo/Preview Content\"";
				DEVELOPMENT_TEAM = 39PACY7YRY;
				ENABLE_PREVIEWS = YES;
				GENERATE_INFOPLIST_FILE = YES;
				INFOPLIST_FILE = BriaAIDemo/Info.plist;
				INFOPLIST_KEY_CFBundleDisplayName = "BRIA-RMBG Demo";
				INFOPLIST_KEY_UIApplicationSceneManifest_Generation = YES;
				INFOPLIST_KEY_UIApplicationSupportsIndirectInputEvents = YES;
				INFOPLIST_KEY_UILaunchScreen_Generation = YES;
				INFOPLIST_KEY_UISupportedInterfaceOrientations_iPad = "UIInterfaceOrientationPortrait UIInterfaceOrientationPortraitUpsideDown UIInterfaceOrientationLandscapeLeft UIInterfaceOrientationLandscapeRight";
				INFOPLIST_KEY_UISupportedInterfaceOrientations_iPhone = "UIInterfaceOrientationPortrait UIInterfaceOrientationLandscapeLeft UIInterfaceOrientationLandscapeRight";
				LD_RUNPATH_SEARCH_PATHS = (
					"$(inherited)",
					"@executable_path/Frameworks",
				);
				MARKETING_VERSION = 1.0;
				PRODUCT_BUNDLE_IDENTIFIER = neuralize.BriaAIDemo;
				PRODUCT_NAME = "$(TARGET_NAME)";
				SWIFT_EMIT_LOC_STRINGS = YES;
				SWIFT_VERSION = 5.0;
				TARGETED_DEVICE_FAMILY = "1,2";
			};
			name = Release;
		};
/* End XCBuildConfiguration section */

/* Begin XCConfigurationList section */
		2CABBDB62C2A0A2F00AA18EE /* Build configuration list for PBXProject "BriaAIDemo" */ = {
			isa = XCConfigurationList;
			buildConfigurations = (
				2CABBDC72C2A0A3000AA18EE /* Debug */,
				2CABBDC82C2A0A3000AA18EE /* Release */,
			);
			defaultConfigurationIsVisible = 0;
			defaultConfigurationName = Release;
		};
		2CABBDC92C2A0A3000AA18EE /* Build configuration list for PBXNativeTarget "BriaAIDemo" */ = {
			isa = XCConfigurationList;
			buildConfigurations = (
				2CABBDCA2C2A0A3000AA18EE /* Debug */,
				2CABBDCB2C2A0A3000AA18EE /* Release */,
			);
			defaultConfigurationIsVisible = 0;
			defaultConfigurationName = Release;
		};
/* End XCConfigurationList section */
	};
	rootObject = 2CABBDB32C2A0A2F00AA18EE /* Project object */;
}
